<?xml version="1.0" encoding="UTF-8" standalone="yes" ?>
<CodeBlocks_project_file>
	<FileVersion major="1" minor="6" />
	<Project>
		<Option title="RoomGL" />
		<Option pch_mode="2" />
		<Option compiler="gcc" />
		<Build>
			<Target title="Debug">
				<Option output="bin/Debug/RoomGL" prefix_auto="1" extension_auto="1" />
				<Option working_dir="../RoomGL" />
				<Option object_output="obj/Debug/" />
				<Option type="1" />
				<Option compiler="gcc" />
				<Compiler>
					<Add option="-g" />
					<Add directory="include" />
					<Add directory="../RoomGL" />
				</Compiler>
				<Linker>
					<Add library="lib\glew32s.lib" />
					<Add library="lib\glew32.lib" />
					<Add library="lib\OPENGL32.LIB" />
					<Add library="lib\GLU32.LIB" />
					<Add library="lib\glut32.lib" />
					<Add library="lib\libglfw.a" />
					<Add directory="lib" />
				</Linker>
			</Target>
			<Target title="Release">
				<Option output="bin/Release/RoomGL" prefix_auto="1" extension_auto="1" />
				<Option object_output="obj/Release/" />
				<Option type="1" />
				<Option compiler="gcc" />
				<Compiler>
					<Add option="-O2" />
					<Add directory="include" />
				</Compiler>
				<Linker>
					<Add option="-s" />
					<Add library="lib\glew32.lib" />
					<Add library="lib\glew32s.lib" />
					<Add library="lib\GLU32.LIB" />
					<Add library="lib\glut32.lib" />
					<Add library="lib\OPENGL32.LIB" />
					<Add directory="lib" />
				</Linker>
			</Target>
		</Build>
		<Compiler>
			<Add option="-Wall" />
			<Add option="-fexceptions" />
			<Add directory="include" />
			<Add directory="common" />
		</Compiler>
		<Linker>
			<Add directory="lib" />
		</Linker>
		<Unit filename="header.h" />
		<Unit filename="include/common/controls.cpp" />
		<Unit filename="include/common/controls.hpp" />
		<Unit filename="include/common/loadObject.cpp" />
		<Unit filename="include/common/objloader.cpp" />
		<Unit filename="include/common/objloader.hpp" />
		<Unit filename="include/common/quaternion_utils.cpp" />
		<Unit filename="include/common/quaternion_utils.hpp" />
		<Unit filename="include/common/shader.cpp" />
		<Unit filename="include/common/shader.hpp" />
		<Unit filename="include/common/tangentspace.cpp" />
		<Unit filename="include/common/tangentspace.hpp" />
		<Unit filename="include/common/text2D.cpp" />
		<Unit filename="include/common/text2D.hpp" />
		<Unit filename="include/common/texture.cpp" />
		<Unit filename="include/common/texture.hpp" />
		<Unit filename="include/common/vboindexer.cpp" />
		<Unit filename="include/common/vboindexer.hpp" />
		<Unit filename="room.cpp" />
		<Extensions>
			<code_completion />
			<envvars />
			<debugger />
			<lib_finder disable_auto="1" />
			<DoxyBlocks>
				<comment_style block="0" line="0" />
				<doxyfile_project />
				<doxyfile_build />
				<doxyfile_warnings />
				<doxyfile_output />
				<doxyfile_dot />
				<general />
			</DoxyBlocks>
		</Extensions>
	</Project>
</CodeBlocks_project_file>
